
Microsoft Visual Studio Solution File, Format Version 12.00
# Visual Studio 15
VisualStudioVersion = 15.0.27703.1
MinimumVisualStudioVersion = 10.0.40219.1
Project("{FAE04EC0-301F-11D3-BF4B-00C04F79EFBC}") = "MechForge", "MechForge\MechForge.csproj", "{EE9F66EB-B59B-4F07-9868-52F0B9FBD72B}"
EndProject
Global
	GlobalSection(SolutionConfigurationPlatforms) = preSolution
		Debug|Any CPU = Debug|Any CPU
		Release|Any CPU = Release|Any CPU
	EndGlobalSection
	GlobalSection(ProjectConfigurationPlatforms) = postSolution
		{EE9F66EB-B59B-4F07-9868-52F0B9FBD72B}.Debug|Any CPU.ActiveCfg = Debug|Any CPU
		{EE9F66EB-B59B-4F07-9868-52F0B9FBD72B}.Debug|Any CPU.Build.0 = Debug|Any CPU
		{EE9F66EB-B59B-4F07-9868-52F0B9FBD72B}.Release|Any CPU.ActiveCfg = Release|Any CPU
		{EE9F66EB-B59B-4F07-9868-52F0B9FBD72B}.Release|Any CPU.Build.0 = Release|Any CPU
	EndGlobalSection
	GlobalSection(SolutionProperties) = preSolution
		HideSolutionNode = FALSE
	EndGlobalSection
	GlobalSection(ExtensibilityGlobals) = postSolution
		SolutionGuid = {AB0E7B60-C7B2-4141-A08E-84E5506045F0}
	EndGlobalSection
EndGlobal
